
Microsoft Visual Studio Solution File, Format Version 12.00
# Visual Studio Version 17
VisualStudioVersion = 17.10.34916.146
MinimumVisualStudioVersion = 10.0.40219.1
Project("{9A19103F-16F7-4668-BE54-9A1E7A4F7556}") = "DiplomaProject.Server", "DiplomaProject.Server\DiplomaProject.Server.csproj", "{0F0E2241-3EED-485C-B8FC-B5E55FFC479B}"
EndProject
Project("{54A90642-561A-4BB1-A94E-469ADEE60C69}") = "diplomaproject.client", "diplomaproject.client\diplomaproject.client.esproj", "{1A070C0C-E2EC-4087-A4B1-89E097A22358}"
EndProject
Project("{FAE04EC0-301F-11D3-BF4B-00C04F79EFBC}") = "DiplomaProject.Data", "DiplomaProject.Data\DiplomaProject.Data.csproj", "{E372D542-C4DD-4753-8C79-10F6F51B39EE}"
EndProject
Project("{FAE04EC0-301F-11D3-BF4B-00C04F79EFBC}") = "DiplomaProject.Core", "DiplomaProject.Core\DiplomaProject.Core.csproj", "{A334F324-C343-499F-B9D3-41FB7EC263D5}"
EndProject
Project("{FAE04EC0-301F-11D3-BF4B-00C04F79EFBC}") = "DiplomaProject.Test", "DiplomaProject.Test\DiplomaProject.Test.csproj", "{64F97D1D-94DD-4148-BCC8-60B68D31EEC7}"
EndProject
Global
	GlobalSection(SolutionConfigurationPlatforms) = preSolution
		Debug|Any CPU = Debug|Any CPU
		Release|Any CPU = Release|Any CPU
	EndGlobalSection
	GlobalSection(ProjectConfigurationPlatforms) = postSolution
		{0F0E2241-3EED-485C-B8FC-B5E55FFC479B}.Debug|Any CPU.ActiveCfg = Debug|Any CPU
		{0F0E2241-3EED-485C-B8FC-B5E55FFC479B}.Debug|Any CPU.Build.0 = Debug|Any CPU
		{0F0E2241-3EED-485C-B8FC-B5E55FFC479B}.Release|Any CPU.ActiveCfg = Release|Any CPU
		{0F0E2241-3EED-485C-B8FC-B5E55FFC479B}.Release|Any CPU.Build.0 = Release|Any CPU
		{1A070C0C-E2EC-4087-A4B1-89E097A22358}.Debug|Any CPU.ActiveCfg = Debug|Any CPU
		{1A070C0C-E2EC-4087-A4B1-89E097A22358}.Debug|Any CPU.Build.0 = Debug|Any CPU
		{1A070C0C-E2EC-4087-A4B1-89E097A22358}.Debug|Any CPU.Deploy.0 = Debug|Any CPU
		{1A070C0C-E2EC-4087-A4B1-89E097A22358}.Release|Any CPU.ActiveCfg = Release|Any CPU
		{1A070C0C-E2EC-4087-A4B1-89E097A22358}.Release|Any CPU.Build.0 = Release|Any CPU
		{1A070C0C-E2EC-4087-A4B1-89E097A22358}.Release|Any CPU.Deploy.0 = Release|Any CPU
		{E372D542-C4DD-4753-8C79-10F6F51B39EE}.Debug|Any CPU.ActiveCfg = Debug|Any CPU
		{E372D542-C4DD-4753-8C79-10F6F51B39EE}.Debug|Any CPU.Build.0 = Debug|Any CPU
		{E372D542-C4DD-4753-8C79-10F6F51B39EE}.Release|Any CPU.ActiveCfg = Release|Any CPU
		{E372D542-C4DD-4753-8C79-10F6F51B39EE}.Release|Any CPU.Build.0 = Release|Any CPU
		{A334F324-C343-499F-B9D3-41FB7EC263D5}.Debug|Any CPU.ActiveCfg = Debug|Any CPU
		{A334F324-C343-499F-B9D3-41FB7EC263D5}.Debug|Any CPU.Build.0 = Debug|Any CPU
		{A334F324-C343-499F-B9D3-41FB7EC263D5}.Release|Any CPU.ActiveCfg = Release|Any CPU
		{A334F324-C343-499F-B9D3-41FB7EC263D5}.Release|Any CPU.Build.0 = Release|Any CPU
		{64F97D1D-94DD-4148-BCC8-60B68D31EEC7}.Debug|Any CPU.ActiveCfg = Debug|Any CPU
		{64F97D1D-94DD-4148-BCC8-60B68D31EEC7}.Debug|Any CPU.Build.0 = Debug|Any CPU
		{64F97D1D-94DD-4148-BCC8-60B68D31EEC7}.Release|Any CPU.ActiveCfg = Release|Any CPU
		{64F97D1D-94DD-4148-BCC8-60B68D31EEC7}.Release|Any CPU.Build.0 = Release|Any CPU
	EndGlobalSection
	GlobalSection(SolutionProperties) = preSolution
		HideSolutionNode = FALSE
	EndGlobalSection
	GlobalSection(ExtensibilityGlobals) = postSolution
		SolutionGuid = {BC8A6B4A-D2ED-4C57-A1D4-A5B213477D7B}
	EndGlobalSection
EndGlobal
